
Microsoft Visual Studio Solution File, Format Version 12.00
# Visual Studio 2012
Project("{FAE04EC0-301F-11D3-BF4B-00C04F79EFBC}") = "Mvc.Mobile.App", "Mvc.Mobile.App\Mvc.Mobile.App.csproj", "{F46980CD-BE59-4FBA-895D-374603FCCC1A}"
EndProject
Global
	GlobalSection(SolutionConfigurationPlatforms) = preSolution
		Debug|Any CPU = Debug|Any CPU
		Release|Any CPU = Release|Any CPU
	EndGlobalSection
	GlobalSection(ProjectConfigurationPlatforms) = postSolution
		{F46980CD-BE59-4FBA-895D-374603FCCC1A}.Debug|Any CPU.ActiveCfg = Debug|Any CPU
		{F46980CD-BE59-4FBA-895D-374603FCCC1A}.Debug|Any CPU.Build.0 = Debug|Any CPU
		{F46980CD-BE59-4FBA-895D-374603FCCC1A}.Release|Any CPU.ActiveCfg = Release|Any CPU
		{F46980CD-BE59-4FBA-895D-374603FCCC1A}.Release|Any CPU.Build.0 = Release|Any CPU
	EndGlobalSection
	GlobalSection(SolutionProperties) = preSolution
		HideSolutionNode = FALSE
	EndGlobalSection
EndGlobal
