
Microsoft Visual Studio Solution File, Format Version 12.00
# Visual Studio 2012
Project("{FAE04EC0-301F-11D3-BF4B-00C04F79EFBC}") = "TextQuartz.Net", "TextQuartz.Net\TextQuartz.Net.csproj", "{8B917E7A-1D52-4A71-AB77-BF43E95DC2A1}"
EndProject
Project("{FAE04EC0-301F-11D3-BF4B-00C04F79EFBC}") = "TextQuartz.Topshelf", "TextQuartz.Topshelf\TextQuartz.Topshelf.csproj", "{A0088CC2-E301-4132-B64C-504D8055B23C}"
EndProject
Global
	GlobalSection(SolutionConfigurationPlatforms) = preSolution
		Debug|Any CPU = Debug|Any CPU
		Release|Any CPU = Release|Any CPU
	EndGlobalSection
	GlobalSection(ProjectConfigurationPlatforms) = postSolution
		{8B917E7A-1D52-4A71-AB77-BF43E95DC2A1}.Debug|Any CPU.ActiveCfg = Debug|Any CPU
		{8B917E7A-1D52-4A71-AB77-BF43E95DC2A1}.Debug|Any CPU.Build.0 = Debug|Any CPU
		{8B917E7A-1D52-4A71-AB77-BF43E95DC2A1}.Release|Any CPU.ActiveCfg = Release|Any CPU
		{8B917E7A-1D52-4A71-AB77-BF43E95DC2A1}.Release|Any CPU.Build.0 = Release|Any CPU
		{A0088CC2-E301-4132-B64C-504D8055B23C}.Debug|Any CPU.ActiveCfg = Debug|Any CPU
		{A0088CC2-E301-4132-B64C-504D8055B23C}.Debug|Any CPU.Build.0 = Debug|Any CPU
		{A0088CC2-E301-4132-B64C-504D8055B23C}.Release|Any CPU.ActiveCfg = Release|Any CPU
		{A0088CC2-E301-4132-B64C-504D8055B23C}.Release|Any CPU.Build.0 = Release|Any CPU
	EndGlobalSection
	GlobalSection(SolutionProperties) = preSolution
		HideSolutionNode = FALSE
	EndGlobalSection
EndGlobal
