
Microsoft Visual Studio Solution File, Format Version 12.00
# Visual Studio 2012
Project("{FAE04EC0-301F-11D3-BF4B-00C04F79EFBC}") = "EnterpriseMall.WebAPI", "EnterpriseMall.WebAPI\EnterpriseMall.WebAPI.csproj", "{9698FF8D-6FFD-456C-A178-E81F3B1F49C7}"
EndProject
Project("{FAE04EC0-301F-11D3-BF4B-00C04F79EFBC}") = "EnterpriseMall.DataAccess", "EnterpriseMall.DataAccess\EnterpriseMall.DataAccess.csproj", "{F9FB2CAC-C199-4418-9023-7869BE4ABF59}"
EndProject
Project("{FAE04EC0-301F-11D3-BF4B-00C04F79EFBC}") = "EnterpriseMall.Services", "EnterpriseMall.Services\EnterpriseMall.Services.csproj", "{0BB960CA-0477-4C21-A390-3CCF8C0C7E96}"
EndProject
Project("{FAE04EC0-301F-11D3-BF4B-00C04F79EFBC}") = "EnterpriseMall.Models", "EnterpriseMall.Models\EnterpriseMall.Models.csproj", "{1CD3E1F7-885E-442C-9AAE-570A03B2CE99}"
EndProject
Global
	GlobalSection(SolutionConfigurationPlatforms) = preSolution
		Debug|Any CPU = Debug|Any CPU
		Release|Any CPU = Release|Any CPU
	EndGlobalSection
	GlobalSection(ProjectConfigurationPlatforms) = postSolution
		{9698FF8D-6FFD-456C-A178-E81F3B1F49C7}.Debug|Any CPU.ActiveCfg = Debug|Any CPU
		{9698FF8D-6FFD-456C-A178-E81F3B1F49C7}.Debug|Any CPU.Build.0 = Debug|Any CPU
		{9698FF8D-6FFD-456C-A178-E81F3B1F49C7}.Release|Any CPU.ActiveCfg = Release|Any CPU
		{9698FF8D-6FFD-456C-A178-E81F3B1F49C7}.Release|Any CPU.Build.0 = Release|Any CPU
		{F9FB2CAC-C199-4418-9023-7869BE4ABF59}.Debug|Any CPU.ActiveCfg = Debug|Any CPU
		{F9FB2CAC-C199-4418-9023-7869BE4ABF59}.Debug|Any CPU.Build.0 = Debug|Any CPU
		{F9FB2CAC-C199-4418-9023-7869BE4ABF59}.Release|Any CPU.ActiveCfg = Release|Any CPU
		{F9FB2CAC-C199-4418-9023-7869BE4ABF59}.Release|Any CPU.Build.0 = Release|Any CPU
		{0BB960CA-0477-4C21-A390-3CCF8C0C7E96}.Debug|Any CPU.ActiveCfg = Debug|Any CPU
		{0BB960CA-0477-4C21-A390-3CCF8C0C7E96}.Debug|Any CPU.Build.0 = Debug|Any CPU
		{0BB960CA-0477-4C21-A390-3CCF8C0C7E96}.Release|Any CPU.ActiveCfg = Release|Any CPU
		{0BB960CA-0477-4C21-A390-3CCF8C0C7E96}.Release|Any CPU.Build.0 = Release|Any CPU
		{1CD3E1F7-885E-442C-9AAE-570A03B2CE99}.Debug|Any CPU.ActiveCfg = Debug|Any CPU
		{1CD3E1F7-885E-442C-9AAE-570A03B2CE99}.Debug|Any CPU.Build.0 = Debug|Any CPU
		{1CD3E1F7-885E-442C-9AAE-570A03B2CE99}.Release|Any CPU.ActiveCfg = Release|Any CPU
		{1CD3E1F7-885E-442C-9AAE-570A03B2CE99}.Release|Any CPU.Build.0 = Release|Any CPU
	EndGlobalSection
	GlobalSection(SolutionProperties) = preSolution
		HideSolutionNode = FALSE
	EndGlobalSection
EndGlobal
