
Microsoft Visual Studio Solution File, Format Version 12.00
# Visual Studio 2012
Project("{FAE04EC0-301F-11D3-BF4B-00C04F79EFBC}") = "UniCardService", "UniCardService\UniCardService.csproj", "{6D999C2B-B9D6-4A00-A8A5-E37906C45306}"
EndProject
Project("{FAE04EC0-301F-11D3-BF4B-00C04F79EFBC}") = "UniCardWeb", "UniCardWeb\UniCardWeb.csproj", "{1D77B30B-6C06-4E11-8683-DB1A7412EE28}"
EndProject
Global
	GlobalSection(SolutionConfigurationPlatforms) = preSolution
		Debug|Any CPU = Debug|Any CPU
		Release|Any CPU = Release|Any CPU
	EndGlobalSection
	GlobalSection(ProjectConfigurationPlatforms) = postSolution
		{6D999C2B-B9D6-4A00-A8A5-E37906C45306}.Debug|Any CPU.ActiveCfg = Debug|Any CPU
		{6D999C2B-B9D6-4A00-A8A5-E37906C45306}.Debug|Any CPU.Build.0 = Debug|Any CPU
		{6D999C2B-B9D6-4A00-A8A5-E37906C45306}.Release|Any CPU.ActiveCfg = Release|Any CPU
		{6D999C2B-B9D6-4A00-A8A5-E37906C45306}.Release|Any CPU.Build.0 = Release|Any CPU
		{1D77B30B-6C06-4E11-8683-DB1A7412EE28}.Debug|Any CPU.ActiveCfg = Debug|Any CPU
		{1D77B30B-6C06-4E11-8683-DB1A7412EE28}.Debug|Any CPU.Build.0 = Debug|Any CPU
		{1D77B30B-6C06-4E11-8683-DB1A7412EE28}.Release|Any CPU.ActiveCfg = Release|Any CPU
		{1D77B30B-6C06-4E11-8683-DB1A7412EE28}.Release|Any CPU.Build.0 = Release|Any CPU
	EndGlobalSection
	GlobalSection(SolutionProperties) = preSolution
		HideSolutionNode = FALSE
	EndGlobalSection
EndGlobal
