
Microsoft Visual Studio Solution File, Format Version 12.00
# Visual Studio 2012
Project("{FAE04EC0-301F-11D3-BF4B-00C04F79EFBC}") = "TestInternetCookie", "TestInternetCookie\TestInternetCookie.csproj", "{93AAD439-0194-425B-84C1-9B133EA5AEAD}"
EndProject
Project("{FAE04EC0-301F-11D3-BF4B-00C04F79EFBC}") = "Common", "Common\Common.csproj", "{8BE23C85-BB00-42CA-80E0-43D16F1C2C28}"
EndProject
Global
	GlobalSection(SolutionConfigurationPlatforms) = preSolution
		Debug|Any CPU = Debug|Any CPU
		Release|Any CPU = Release|Any CPU
	EndGlobalSection
	GlobalSection(ProjectConfigurationPlatforms) = postSolution
		{93AAD439-0194-425B-84C1-9B133EA5AEAD}.Debug|Any CPU.ActiveCfg = Debug|Any CPU
		{93AAD439-0194-425B-84C1-9B133EA5AEAD}.Debug|Any CPU.Build.0 = Debug|Any CPU
		{93AAD439-0194-425B-84C1-9B133EA5AEAD}.Release|Any CPU.ActiveCfg = Release|Any CPU
		{93AAD439-0194-425B-84C1-9B133EA5AEAD}.Release|Any CPU.Build.0 = Release|Any CPU
		{8BE23C85-BB00-42CA-80E0-43D16F1C2C28}.Debug|Any CPU.ActiveCfg = Debug|Any CPU
		{8BE23C85-BB00-42CA-80E0-43D16F1C2C28}.Debug|Any CPU.Build.0 = Debug|Any CPU
		{8BE23C85-BB00-42CA-80E0-43D16F1C2C28}.Release|Any CPU.ActiveCfg = Release|Any CPU
		{8BE23C85-BB00-42CA-80E0-43D16F1C2C28}.Release|Any CPU.Build.0 = Release|Any CPU
	EndGlobalSection
	GlobalSection(SolutionProperties) = preSolution
		HideSolutionNode = FALSE
	EndGlobalSection
EndGlobal
